{
  "version": "3",
  "packages": {
    "specifiers": {
      "jsr:@core/unknownutil@3.18.1": "jsr:@core/unknownutil@3.18.1",
      "jsr:@core/unknownutil@^3.17.2": "jsr:@core/unknownutil@3.18.1",
      "jsr:@core/unknownutil@^3.18.0": "jsr:@core/unknownutil@3.18.1",
      "jsr:@core/unknownutil@^4.0.0": "jsr:@core/unknownutil@4.3.0",
      "jsr:@core/unknownutil@^4.3.0": "jsr:@core/unknownutil@4.3.0",
      "jsr:@core/unknownutil@~4.3.0": "jsr:@core/unknownutil@4.3.0",
      "jsr:@denops/core@^7.0.0": "jsr:@denops/core@7.0.1",
      "jsr:@denops/std@7.0.0": "jsr:@denops/std@7.0.0",
      "jsr:@denops/std@~7.1.1": "jsr:@denops/std@7.1.1",
      "jsr:@denops/vim-channel-command@^4.0.2": "jsr:@denops/vim-channel-command@4.0.2",
      "jsr:@lambdalisue/errorutil@^1.1.0": "jsr:@lambdalisue/errorutil@1.1.1",
      "jsr:@lambdalisue/indexer@^1.0.0": "jsr:@lambdalisue/indexer@1.0.0",
      "jsr:@lambdalisue/messagepack-rpc@^2.4.0": "jsr:@lambdalisue/messagepack-rpc@2.4.0",
      "jsr:@lambdalisue/messagepack@^1.0.1": "jsr:@lambdalisue/messagepack@1.0.1",
      "jsr:@lambdalisue/reservator@^1.0.1": "jsr:@lambdalisue/reservator@1.0.1",
      "jsr:@lambdalisue/streamtools@^1.0.0": "jsr:@lambdalisue/streamtools@1.0.1",
      "jsr:@lambdalisue/workerio@^4.0.1": "jsr:@lambdalisue/workerio@4.0.1",
      "jsr:@milly/async-signal@^1.0.0": "jsr:@milly/async-signal@1.0.1",
      "jsr:@std/async@^1.0.1": "jsr:@std/async@1.0.4",
      "jsr:@std/bytes@^0.221.0": "jsr:@std/bytes@0.221.0",
      "jsr:@std/cli@^1.0.1": "jsr:@std/cli@1.0.4",
      "jsr:@std/collections@~1.0.5": "jsr:@std/collections@1.0.5",
      "jsr:@std/path@^1.0.2": "jsr:@std/path@1.0.3",
      "jsr:@std/path@~1.0.3": "jsr:@std/path@1.0.3",
      "jsr:@std/semver@^0.224.3": "jsr:@std/semver@0.224.3",
      "jsr:@std/semver@^1.0.0": "jsr:@std/semver@1.0.2",
      "jsr:@std/ulid@^1.0.0": "jsr:@std/ulid@1.0.0",
      "jsr:@std/yaml@1.0.4": "jsr:@std/yaml@1.0.4",
      "npm:@streamparser/json@^0.0.21": "npm:@streamparser/json@0.0.21",
      "npm:msgpackr@^1.10.1": "npm:msgpackr@1.11.0"
    },
    "jsr": {
      "@core/unknownutil@3.18.1": {
        "integrity": "6aaa108b623ff971d062dd345da7ca03b97f61ae3d29c8677bff14fec11f0d76"
      },
      "@core/unknownutil@4.3.0": {
        "integrity": "538a3687ffa81028e91d148818047df219663d0da671d906cecd165581ae55cc"
      },
      "@denops/core@7.0.1": {
        "integrity": "ede39eec60de6d5bf0fbc0337d3e420a9689cc48afea8c71752e6c0fb630bde0"
      },
      "@denops/std@7.0.0": {
        "integrity": "6fda026029958ad9b6e717a989efd824c5ce8efa464252f9982898a8588abb15",
        "dependencies": [
          "jsr:@denops/core@^7.0.0"
        ]
      },
      "@denops/std@7.1.1": {
        "integrity": "9178027fc9192034842ac4d8d7219ce65ea80cb115b722e681e5c3630b503cb8",
        "dependencies": [
          "jsr:@core/unknownutil@^4.3.0",
          "jsr:@denops/core@^7.0.0",
          "jsr:@std/semver@^1.0.0",
          "jsr:@std/ulid@^1.0.0"
        ]
      },
      "@denops/vim-channel-command@4.0.2": {
        "integrity": "8f574f9beb2fa766dd97e189cf4a4405c07f62443a766f0b8c37796c974cf772",
        "dependencies": [
          "jsr:@lambdalisue/indexer@^1.0.0",
          "jsr:@lambdalisue/reservator@^1.0.1",
          "jsr:@lambdalisue/streamtools@^1.0.0",
          "npm:@streamparser/json@^0.0.21"
        ]
      },
      "@lambdalisue/errorutil@1.1.1": {
        "integrity": "d0234a8a510da52f130c44698643b7f420f332ef2ffce1451415925b14f5f63f",
        "dependencies": [
          "jsr:@core/unknownutil@^3.18.0"
        ]
      },
      "@lambdalisue/indexer@1.0.0": {
        "integrity": "f1dbbca13a0cb3b8d87533f3ac807ba2881107e28a7eb7eb85ac1b1c5d6a5c42"
      },
      "@lambdalisue/messagepack-rpc@2.4.0": {
        "integrity": "51b9aabe1ce88c3309e12fa834f2a8340ffcd0611f53ea012d28c8f9328ea7d2",
        "dependencies": [
          "jsr:@core/unknownutil@^3.17.2",
          "jsr:@lambdalisue/indexer@^1.0.0",
          "jsr:@lambdalisue/messagepack@^1.0.1",
          "jsr:@lambdalisue/reservator@^1.0.1",
          "jsr:@lambdalisue/streamtools@^1.0.0"
        ]
      },
      "@lambdalisue/messagepack@1.0.1": {
        "integrity": "e35888d9ac295826f24234f10f7ef660c890b506eb09fac1f7509798e94c525a",
        "dependencies": [
          "jsr:@std/bytes@^0.221.0",
          "npm:msgpackr@^1.10.1"
        ]
      },
      "@lambdalisue/reservator@1.0.1": {
        "integrity": "daf9189747c5cb2ad49e42ad3c65ec367684e1765ebb856a0ad6d754b3e650c4"
      },
      "@lambdalisue/streamtools@1.0.1": {
        "integrity": "8bc2fdeefa7131911b19b53dc5eb9c10c68ed4bf9e9de8bd5ed0c27f83953516",
        "dependencies": [
          "jsr:@std/bytes@^0.221.0"
        ]
      },
      "@lambdalisue/workerio@4.0.1": {
        "integrity": "415899635e6d5e53ca0ed25c6ff18670cd3f9c00c8051dce9bc0b37a76507144"
      },
      "@milly/async-signal@1.0.1": {
        "integrity": "80a9641a2005974d392c8e3e330bcb33072c3d20fbf699c7c6452b0d5aa50a12"
      },
      "@std/async@1.0.4": {
        "integrity": "373f5168a01b46ecaabc785d4e0f9ef18a010ab867af069fb905d93a9129ae5b"
      },
      "@std/bytes@0.221.0": {
        "integrity": "64a047011cf833890a4a2ab7293ac55a1b4f5a050624ebc6a0159c357de91966"
      },
      "@std/cli@1.0.4": {
        "integrity": "79ca75add572a99a8ba93ae37ccbd8d43fb4e2b635a8a7ebebb4f2d092048764"
      },
      "@std/collections@1.0.5": {
        "integrity": "ab9eac23b57a0c0b89ba45134e61561f69f3d001f37235a248ed40be260c0c10"
      },
      "@std/path@1.0.3": {
        "integrity": "cd89d014ce7eb3742f2147b990f6753ee51d95276bfc211bc50c860c1bc7df6f"
      },
      "@std/semver@0.224.3": {
        "integrity": "7bb34b5ad46de2c0c73de0ca3e30081ef64b4361f66abd57c84ff1011c6a1233"
      },
      "@std/semver@1.0.2": {
        "integrity": "1e5fd337c687ca64c0809253eca4d4815874ced59b04f0882da5ff9a302f8129"
      },
      "@std/ulid@1.0.0": {
        "integrity": "d41c3d27a907714413649fee864b7cde8d42ee68437d22b79d5de4f81d808780"
      },
      "@std/yaml@1.0.4": {
        "integrity": "f1e38fa5e110ff8550e938715e52c33347676dd00a1db858e092dd21a9df9941"
      }
    },
    "npm": {
      "@msgpackr-extract/msgpackr-extract-darwin-arm64@3.0.3": {
        "integrity": "sha512-QZHtlVgbAdy2zAqNA9Gu1UpIuI8Xvsd1v8ic6B2pZmeFnFcMWiPLfWXh7TVw4eGEZ/C9TH281KwhVoeQUKbyjw==",
        "dependencies": {}
      },
      "@msgpackr-extract/msgpackr-extract-darwin-x64@3.0.3": {
        "integrity": "sha512-mdzd3AVzYKuUmiWOQ8GNhl64/IoFGol569zNRdkLReh6LRLHOXxU4U8eq0JwaD8iFHdVGqSy4IjFL4reoWCDFw==",
        "dependencies": {}
      },
      "@msgpackr-extract/msgpackr-extract-linux-arm64@3.0.3": {
        "integrity": "sha512-YxQL+ax0XqBJDZiKimS2XQaf+2wDGVa1enVRGzEvLLVFeqa5kx2bWbtcSXgsxjQB7nRqqIGFIcLteF/sHeVtQg==",
        "dependencies": {}
      },
      "@msgpackr-extract/msgpackr-extract-linux-arm@3.0.3": {
        "integrity": "sha512-fg0uy/dG/nZEXfYilKoRe7yALaNmHoYeIoJuJ7KJ+YyU2bvY8vPv27f7UKhGRpY6euFYqEVhxCFZgAUNQBM3nw==",
        "dependencies": {}
      },
      "@msgpackr-extract/msgpackr-extract-linux-x64@3.0.3": {
        "integrity": "sha512-cvwNfbP07pKUfq1uH+S6KJ7dT9K8WOE4ZiAcsrSes+UY55E/0jLYc+vq+DO7jlmqRb5zAggExKm0H7O/CBaesg==",
        "dependencies": {}
      },
      "@msgpackr-extract/msgpackr-extract-win32-x64@3.0.3": {
        "integrity": "sha512-x0fWaQtYp4E6sktbsdAqnehxDgEc/VwM7uLsRCYWaiGu0ykYdZPiS8zCWdnjHwyiumousxfBm4SO31eXqwEZhQ==",
        "dependencies": {}
      },
      "@streamparser/json@0.0.21": {
        "integrity": "sha512-v+49JBiG1kmc/9Ug79Lz9wyKaRocBgCnpRaLpdy7p0d3ICKtOAfc/H/Epa1j3F6YdnzjnZKKrnJ8xnh/v1P8Aw==",
        "dependencies": {}
      },
      "detect-libc@2.0.3": {
        "integrity": "sha512-bwy0MGW55bG41VqxxypOsdSdGqLwXPI/focwgTYCFMbdUiBAxLg9CFzG08sz2aqzknwiX7Hkl0bQENjg8iLByw==",
        "dependencies": {}
      },
      "msgpackr-extract@3.0.3": {
        "integrity": "sha512-P0efT1C9jIdVRefqjzOQ9Xml57zpOXnIuS+csaB4MdZbTdmGDLo8XhzBG1N7aO11gKDDkJvBLULeFTo46wwreA==",
        "dependencies": {
          "@msgpackr-extract/msgpackr-extract-darwin-arm64": "@msgpackr-extract/msgpackr-extract-darwin-arm64@3.0.3",
          "@msgpackr-extract/msgpackr-extract-darwin-x64": "@msgpackr-extract/msgpackr-extract-darwin-x64@3.0.3",
          "@msgpackr-extract/msgpackr-extract-linux-arm": "@msgpackr-extract/msgpackr-extract-linux-arm@3.0.3",
          "@msgpackr-extract/msgpackr-extract-linux-arm64": "@msgpackr-extract/msgpackr-extract-linux-arm64@3.0.3",
          "@msgpackr-extract/msgpackr-extract-linux-x64": "@msgpackr-extract/msgpackr-extract-linux-x64@3.0.3",
          "@msgpackr-extract/msgpackr-extract-win32-x64": "@msgpackr-extract/msgpackr-extract-win32-x64@3.0.3",
          "node-gyp-build-optional-packages": "node-gyp-build-optional-packages@5.2.2"
        }
      },
      "msgpackr@1.11.0": {
        "integrity": "sha512-I8qXuuALqJe5laEBYoFykChhSXLikZmUhccjGsPuSJ/7uPip2TJ7lwdIQwWSAi0jGZDXv4WOP8Qg65QZRuXxXw==",
        "dependencies": {
          "msgpackr-extract": "msgpackr-extract@3.0.3"
        }
      },
      "node-gyp-build-optional-packages@5.2.2": {
        "integrity": "sha512-s+w+rBWnpTMwSFbaE0UXsRlg7hU4FjekKU4eyAih5T8nJuNZT1nNsskXpxmeqSK9UzkBl6UgRlnKc8hz8IEqOw==",
        "dependencies": {
          "detect-libc": "detect-libc@2.0.3"
        }
      }
    }
  },
  "redirects": {
    "https://esm.sh/v135/@types/encoding-japanese@~2/index.d.ts": "https://esm.sh/v135/@types/encoding-japanese@2.2.1/index.d.ts"
  },
  "remote": {
    "https://cdn.jsdelivr.net/gh/skk-dict/jisyo/schema/jisyo.schema.v0.0.0.json": "339d73e539e3837677bd348a8b8e889deea44d946b11cd075d629c189b3906a1",
    "https://deno.land/x/iterator_helpers@v0.1.2/lib/async_iterator_from.ts": "ca5209e21a5600508011bc9cfaf41ec6459347d274d538690f0ab6272f6eff1a",
    "https://deno.land/x/iterator_helpers@v0.1.2/lib/iterator_from.ts": "9374ec98daad0a26e9610bb3981edc4252f69cf636ca373cb376799672a18329",
    "https://deno.land/x/iterator_helpers@v0.1.2/lib/wrap_async_iterator.ts": "4e1b186eeed0f9cd33a41e70b6d43e32a6c65d7fb572120d130dd931095f98cc",
    "https://deno.land/x/iterator_helpers@v0.1.2/lib/wrap_iterator.ts": "8ecdb7c54462f9006c9507852d1d4a412d2e2f6330157bede4da5db808ab0500",
    "https://deno.land/x/iterator_helpers@v0.1.2/mod.ts": "3d42a1464447311852ecfc61081b52a676ebeb2dc9d4999162c30e0870c0113e",
    "https://esm.sh/@geolonia/japanese-numeral@1.0.2": "0c055a8e7463cddfffc088977fa13c83998c15d499d9fd03a14a403a4b399495",
    "https://esm.sh/@msgpack/msgpack@3.0.0-beta2": "c138b9f50c8879ab0af21aeda6b345a9299efa020bb3cff5cb11d9aa9f32e2e1",
    "https://esm.sh/cr-numeral@1.1.3": "ac6555b95b2c1d6e0c8f929bf4d80f1b3aedd34900372da6fcf8e1770bf6fb24",
    "https://esm.sh/encoding-japanese@2.2.0/": "a7abb248dba259d8ef37210e1eaa7f7c88bfe9dd4993b9dc33dfb54ecf929fae",
    "https://esm.sh/jsonschema@1.4.1": "78dbbfae4f0e3f481dafa7a8ec239bec35c9f556bc2c645e84fdcfdd78dfa22a",
    "https://esm.sh/v135/@geolonia/japanese-numeral@1.0.2/denonext/japanese-numeral.mjs": "154da79349ec163d304c16cf8afb10500093e84ea7889e206dba817194c535f3",
    "https://esm.sh/v135/@msgpack/msgpack@3.0.0-beta2/denonext/msgpack.mjs": "e42f684c674876824a4c49fed1a82d088fdcc656e81413b6cb0bf4cb3e62c200",
    "https://esm.sh/v135/cr-numeral@1.1.3/denonext/cr-numeral.mjs": "ef10da98af903f99ce8ed6b56f30c11d1925a090268f943dc00a7b6a868e3671",
    "https://esm.sh/v135/encoding-japanese@2.2.0/denonext/encoding-japanese.mjs": "8b277a68ce4b762a12ae06a5713516d6b25881a42a5cbaa86d19fc97f3ace486",
    "https://esm.sh/v135/jsonschema@1.4.1/denonext/jsonschema.mjs": "303d675c2a6ddc3ef49d79fc5bb6975f0cf91213ac8bd4d58946aa74ccd17673"
  },
  "workspace": {
    "packageJson": {
      "dependencies": [
        "npm:@secretlint/secretlint-rule-preset-recommend@^8.2.4",
        "npm:secretlint@^8.2.4"
      ]
    }
  }
}
