{
  "lockfile_version": "1",
  "packages": {
    "nil@latest": {
      "last_modified": "2024-07-14T11:03:58Z",
      "resolved": "github:NixOS/nixpkgs/aa247c0c90ecf4ae7a032c54fdc21b91ca274062#nil",
      "source": "devbox-search",
      "version": "2023-08-09",
      "systems": {
        "aarch64-darwin": {
          "outputs": [
            {
              "name": "out",
              "path": "/nix/store/99y57hnym4376mw8jq28gwwsd6k5s60i-nil-2023-08-09",
              "default": true
            }
          ],
          "store_path": "/nix/store/99y57hnym4376mw8jq28gwwsd6k5s60i-nil-2023-08-09"
        },
        "aarch64-linux": {
          "outputs": [
            {
              "name": "out",
              "path": "/nix/store/cizzfl3pgrnlkjl2j90ylghcci3cfrxy-nil-2023-08-09",
              "default": true
            }
          ],
          "store_path": "/nix/store/cizzfl3pgrnlkjl2j90ylghcci3cfrxy-nil-2023-08-09"
        },
        "x86_64-darwin": {
          "outputs": [
            {
              "name": "out",
              "path": "/nix/store/0cbjaqp11w4rz6jvkfgbr42lzc0fas7l-nil-2023-08-09",
              "default": true
            }
          ],
          "store_path": "/nix/store/0cbjaqp11w4rz6jvkfgbr42lzc0fas7l-nil-2023-08-09"
        },
        "x86_64-linux": {
          "outputs": [
            {
              "name": "out",
              "path": "/nix/store/gn6zkizwnlnj068hn1fs29hkqbka59m4-nil-2023-08-09",
              "default": true
            }
          ],
          "store_path": "/nix/store/gn6zkizwnlnj068hn1fs29hkqbka59m4-nil-2023-08-09"
        }
      }
    },
    "nixfmt-classic@latest": {
      "last_modified": "2024-07-15T04:07:31Z",
      "resolved": "github:NixOS/nixpkgs/a14c5d651cee9ed70f9cd9e83f323f1e531002db#nixfmt-classic",
      "source": "devbox-search",
      "version": "0.6.0",
      "systems": {
        "aarch64-darwin": {
          "outputs": [
            {
              "name": "bin",
              "path": "/nix/store/d1wmd6yx5y8p521yh4fb1br1p69d0a9d-nixfmt-0.6.0-bin",
              "default": true
            },
            {
              "name": "doc",
              "path": "/nix/store/vdim5zdnm51xd5sdj3402cxs986d15i7-nixfmt-0.6.0-doc"
            },
            {
              "name": "out",
              "path": "/nix/store/wsjypr0vr1w17xijg0h2q8vbjgkli2z7-nixfmt-0.6.0"
            }
          ],
          "store_path": "/nix/store/d1wmd6yx5y8p521yh4fb1br1p69d0a9d-nixfmt-0.6.0-bin"
        },
        "aarch64-linux": {
          "outputs": [
            {
              "name": "bin",
              "path": "/nix/store/3z7z1n27ybdzmj1inxmnpv6p1apbh316-nixfmt-0.6.0-bin",
              "default": true
            },
            {
              "name": "doc",
              "path": "/nix/store/a2v8saphmab0rv48afwawrval3lc06qd-nixfmt-0.6.0-doc"
            },
            {
              "name": "out",
              "path": "/nix/store/d9d4x8avz92jq197x6m8c65wh75spc8n-nixfmt-0.6.0"
            }
          ],
          "store_path": "/nix/store/3z7z1n27ybdzmj1inxmnpv6p1apbh316-nixfmt-0.6.0-bin"
        },
        "x86_64-darwin": {
          "outputs": [
            {
              "name": "bin",
              "path": "/nix/store/y4s1xzhina523lv2hvibjpqwmrakf8nd-nixfmt-0.6.0-bin",
              "default": true
            },
            {
              "name": "doc",
              "path": "/nix/store/ymkj02ckv8a655vbva1jz5xmshd3vnbn-nixfmt-0.6.0-doc"
            },
            {
              "name": "out",
              "path": "/nix/store/pv76pcmqv29jmrnpqspsxrjg1wmqzfba-nixfmt-0.6.0"
            }
          ],
          "store_path": "/nix/store/y4s1xzhina523lv2hvibjpqwmrakf8nd-nixfmt-0.6.0-bin"
        },
        "x86_64-linux": {
          "outputs": [
            {
              "name": "bin",
              "path": "/nix/store/3rlbpai9wig1js3f9wxhpg344gr9v215-nixfmt-0.6.0-bin",
              "default": true
            },
            {
              "name": "doc",
              "path": "/nix/store/s7z8ymwx7hqqk9bj5cdx8qkrhmvv2qjz-nixfmt-0.6.0-doc"
            },
            {
              "name": "out",
              "path": "/nix/store/hab7qvpm3kwb11w320fa9y5frkbm4m1i-nixfmt-0.6.0"
            }
          ],
          "store_path": "/nix/store/3rlbpai9wig1js3f9wxhpg344gr9v215-nixfmt-0.6.0-bin"
        }
      }
    },
    "nodejs@latest": {
      "last_modified": "2024-07-10T06:55:44Z",
      "plugin_version": "0.0.2",
      "resolved": "github:NixOS/nixpkgs/aa9461550594533c29866d42f861b6ff079a7fb6#nodejs_22",
      "source": "devbox-search",
      "version": "22.3.0",
      "systems": {
        "aarch64-darwin": {
          "outputs": [
            {
              "name": "out",
              "path": "/nix/store/cpqfn567chsy7mslcfwnijsn6mq82lcq-nodejs-22.3.0",
              "default": true
            },
            {
              "name": "libv8",
              "path": "/nix/store/mfjmdqb1sxxm7r4d4px5r3p6m378kzy5-nodejs-22.3.0-libv8"
            }
          ],
          "store_path": "/nix/store/cpqfn567chsy7mslcfwnijsn6mq82lcq-nodejs-22.3.0"
        },
        "aarch64-linux": {
          "outputs": [
            {
              "name": "out",
              "path": "/nix/store/q7cgrvb6clq0pdp5hlwmq2lldzkl3fmj-nodejs-22.3.0",
              "default": true
            },
            {
              "name": "libv8",
              "path": "/nix/store/5df5695winsxzf80q6z0m35zy3p60yw1-nodejs-22.3.0-libv8"
            }
          ],
          "store_path": "/nix/store/q7cgrvb6clq0pdp5hlwmq2lldzkl3fmj-nodejs-22.3.0"
        },
        "x86_64-darwin": {
          "outputs": [
            {
              "name": "out",
              "path": "/nix/store/hd619h1mh6lcmv2kw6nij9xa0zf7ybmr-nodejs-22.3.0",
              "default": true
            },
            {
              "name": "libv8",
              "path": "/nix/store/mipa00s8bq87h3p3allndvg43cpggz3w-nodejs-22.3.0-libv8"
            }
          ],
          "store_path": "/nix/store/hd619h1mh6lcmv2kw6nij9xa0zf7ybmr-nodejs-22.3.0"
        },
        "x86_64-linux": {
          "outputs": [
            {
              "name": "out",
              "path": "/nix/store/bmvx7ww7qfksjqsckmivkg3mqvjscfh8-nodejs-22.3.0",
              "default": true
            },
            {
              "name": "libv8",
              "path": "/nix/store/w28gijyq24mmk1676gpbxw2xrkysxx1i-nodejs-22.3.0-libv8"
            }
          ],
          "store_path": "/nix/store/bmvx7ww7qfksjqsckmivkg3mqvjscfh8-nodejs-22.3.0"
        }
      }
    }
  }
}
